dependencies:
  espressif/esp-dsp:
    component_hash: f5fe1466237d0352c98321efe7fa284c8ec0e11f764fd98e319b563d29d0cd17
    source:
      service_url: https://api.components.espressif.com/
      type: service
    version: 1.4.0
  idf:
    component_hash: null
    source:
      type: idf
    version: 5.2.1
manifest_hash: 514c5143b57529c67cf814324575c5d3eb49108050703a10694ae97b80f049f3
target: esp32c3
version: 1.0.0
